
Microsoft Visual Studio Solution File, Format Version 12.00
# Visual Studio Version 16
VisualStudioVersion = 16.0.31624.102
MinimumVisualStudioVersion = 10.0.40219.1
Project("{FAE04EC0-301F-11D3-BF4B-00C04F79EFBC}") = "ZooApp.Models", "ZooApp.Models\ZooApp.Models.csproj", "{8D6F311F-752B-41C7-BB3D-A9289E4BCBA3}"
EndProject
Project("{FAE04EC0-301F-11D3-BF4B-00C04F79EFBC}") = "ZooAppp.MvcClient", "ZooAppp.MvcClient\ZooAppp.MvcClient.csproj", "{6986F28D-3430-489B-BF1B-115CED248333}"
EndProject
Global
	GlobalSection(SolutionConfigurationPlatforms) = preSolution
		Debug|Any CPU = Debug|Any CPU
		Release|Any CPU = Release|Any CPU
	EndGlobalSection
	GlobalSection(ProjectConfigurationPlatforms) = postSolution
		{8D6F311F-752B-41C7-BB3D-A9289E4BCBA3}.Debug|Any CPU.ActiveCfg = Debug|Any CPU
		{8D6F311F-752B-41C7-BB3D-A9289E4BCBA3}.Debug|Any CPU.Build.0 = Debug|Any CPU
		{8D6F311F-752B-41C7-BB3D-A9289E4BCBA3}.Release|Any CPU.ActiveCfg = Release|Any CPU
		{8D6F311F-752B-41C7-BB3D-A9289E4BCBA3}.Release|Any CPU.Build.0 = Release|Any CPU
		{6986F28D-3430-489B-BF1B-115CED248333}.Debug|Any CPU.ActiveCfg = Debug|Any CPU
		{6986F28D-3430-489B-BF1B-115CED248333}.Debug|Any CPU.Build.0 = Debug|Any CPU
		{6986F28D-3430-489B-BF1B-115CED248333}.Release|Any CPU.ActiveCfg = Release|Any CPU
		{6986F28D-3430-489B-BF1B-115CED248333}.Release|Any CPU.Build.0 = Release|Any CPU
	EndGlobalSection
	GlobalSection(SolutionProperties) = preSolution
		HideSolutionNode = FALSE
	EndGlobalSection
	GlobalSection(ExtensibilityGlobals) = postSolution
		SolutionGuid = {44C76937-7B12-49B8-9C5D-98D0354AA1FB}
	EndGlobalSection
EndGlobal
